
Microsoft Visual Studio Solution File, Format Version 12.00
# Visual Studio Version 17
VisualStudioVersion = 17.11.35327.3
MinimumVisualStudioVersion = 10.0.40219.1
Project("{FAE04EC0-301F-11D3-BF4B-00C04F79EFBC}") = "modular1_task1", "modular1_task1.csproj", "{F03D7010-8A97-448F-8AA9-C9BE9FF2212B}"
EndProject
Global
	GlobalSection(SolutionConfigurationPlatforms) = preSolution
		Debug|Any CPU = Debug|Any CPU
		Release|Any CPU = Release|Any CPU
	EndGlobalSection
	GlobalSection(ProjectConfigurationPlatforms) = postSolution
		{F03D7010-8A97-448F-8AA9-C9BE9FF2212B}.Debug|Any CPU.ActiveCfg = Debug|Any CPU
		{F03D7010-8A97-448F-8AA9-C9BE9FF2212B}.Debug|Any CPU.Build.0 = Debug|Any CPU
		{F03D7010-8A97-448F-8AA9-C9BE9FF2212B}.Release|Any CPU.ActiveCfg = Release|Any CPU
		{F03D7010-8A97-448F-8AA9-C9BE9FF2212B}.Release|Any CPU.Build.0 = Release|Any CPU
	EndGlobalSection
	GlobalSection(SolutionProperties) = preSolution
		HideSolutionNode = FALSE
	EndGlobalSection
	GlobalSection(ExtensibilityGlobals) = postSolution
		SolutionGuid = {583DBCD7-D751-44EF-8D58-D2C8375CDA2C}
	EndGlobalSection
EndGlobal
